
Microsoft Visual Studio Solution File, Format Version 12.00
# Visual Studio Version 17
VisualStudioVersion = 17.0.31903.59
MinimumVisualStudioVersion = 10.0.40219.1
Project("{FAE04EC0-301F-11D3-BF4B-00C04F79EFBC}") = "WallyMapEditor", "WallyMapEditor\WallyMapEditor.csproj", "{68D9689B-7EC1-491A-ACC6-15C9BE37CE21}"
EndProject
Project("{FAE04EC0-301F-11D3-BF4B-00C04F79EFBC}") = "SwiffCheese", "SwiffCheese\SwiffCheese.csproj", "{36BACE4F-7D5F-47E6-B167-F29C79F2B9F9}"
EndProject
Project("{FAE04EC0-301F-11D3-BF4B-00C04F79EFBC}") = "WallyAnmSpinzor", "WallyAnmSpinzor\WallyAnmSpinzor.csproj", "{3A8C09FC-A980-4473-B5A3-B7FB35A4CAD9}"
EndProject
Project("{2150E333-8FDC-42A3-9474-1A3956D46DE8}") = "AbcDisassembler", "AbcDisassembler", "{8247E676-8E2C-475A-820B-278D85FBD121}"
EndProject
Project("{FAE04EC0-301F-11D3-BF4B-00C04F79EFBC}") = "AbcDisassembler", "AbcDisassembler\AbcDisassembler\AbcDisassembler.csproj", "{21EC4578-50C3-445B-A11E-35C783EDCA9D}"
EndProject
Project("{2150E333-8FDC-42A3-9474-1A3956D46DE8}") = "BrawlhallaSwz", "BrawlhallaSwz", "{B12E0331-8576-4DE4-A9DA-956C71708098}"
EndProject
Project("{FAE04EC0-301F-11D3-BF4B-00C04F79EFBC}") = "BrawlhallaSwz", "BrawlhallaSwz\BrawlhallaSwz\BrawlhallaSwz.csproj", "{889ABDC9-4476-4A84-BF9E-4369D8C082C7}"
EndProject
Project("{FAE04EC0-301F-11D3-BF4B-00C04F79EFBC}") = "WallyMapSpinzor2", "WallyMapSpinzor2\WallyMapSpinzor2.csproj", "{91E314F1-D73E-452A-9573-45B26815E894}"
EndProject
Global
	GlobalSection(SolutionConfigurationPlatforms) = preSolution
		Debug|Any CPU = Debug|Any CPU
		Release|Any CPU = Release|Any CPU
	EndGlobalSection
	GlobalSection(SolutionProperties) = preSolution
		HideSolutionNode = FALSE
	EndGlobalSection
	GlobalSection(ProjectConfigurationPlatforms) = postSolution
		{68D9689B-7EC1-491A-ACC6-15C9BE37CE21}.Debug|Any CPU.ActiveCfg = Debug|Any CPU
		{68D9689B-7EC1-491A-ACC6-15C9BE37CE21}.Debug|Any CPU.Build.0 = Debug|Any CPU
		{68D9689B-7EC1-491A-ACC6-15C9BE37CE21}.Release|Any CPU.ActiveCfg = Release|Any CPU
		{68D9689B-7EC1-491A-ACC6-15C9BE37CE21}.Release|Any CPU.Build.0 = Release|Any CPU
		{36BACE4F-7D5F-47E6-B167-F29C79F2B9F9}.Debug|Any CPU.ActiveCfg = Debug|Any CPU
		{36BACE4F-7D5F-47E6-B167-F29C79F2B9F9}.Debug|Any CPU.Build.0 = Debug|Any CPU
		{36BACE4F-7D5F-47E6-B167-F29C79F2B9F9}.Release|Any CPU.ActiveCfg = Release|Any CPU
		{36BACE4F-7D5F-47E6-B167-F29C79F2B9F9}.Release|Any CPU.Build.0 = Release|Any CPU
		{3A8C09FC-A980-4473-B5A3-B7FB35A4CAD9}.Debug|Any CPU.ActiveCfg = Debug|Any CPU
		{3A8C09FC-A980-4473-B5A3-B7FB35A4CAD9}.Debug|Any CPU.Build.0 = Debug|Any CPU
		{3A8C09FC-A980-4473-B5A3-B7FB35A4CAD9}.Release|Any CPU.ActiveCfg = Release|Any CPU
		{3A8C09FC-A980-4473-B5A3-B7FB35A4CAD9}.Release|Any CPU.Build.0 = Release|Any CPU
		{21EC4578-50C3-445B-A11E-35C783EDCA9D}.Debug|Any CPU.ActiveCfg = Debug|Any CPU
		{21EC4578-50C3-445B-A11E-35C783EDCA9D}.Debug|Any CPU.Build.0 = Debug|Any CPU
		{21EC4578-50C3-445B-A11E-35C783EDCA9D}.Release|Any CPU.ActiveCfg = Release|Any CPU
		{21EC4578-50C3-445B-A11E-35C783EDCA9D}.Release|Any CPU.Build.0 = Release|Any CPU
		{889ABDC9-4476-4A84-BF9E-4369D8C082C7}.Debug|Any CPU.ActiveCfg = Debug|Any CPU
		{889ABDC9-4476-4A84-BF9E-4369D8C082C7}.Debug|Any CPU.Build.0 = Debug|Any CPU
		{889ABDC9-4476-4A84-BF9E-4369D8C082C7}.Release|Any CPU.ActiveCfg = Release|Any CPU
		{889ABDC9-4476-4A84-BF9E-4369D8C082C7}.Release|Any CPU.Build.0 = Release|Any CPU
		{91E314F1-D73E-452A-9573-45B26815E894}.Debug|Any CPU.ActiveCfg = Debug|Any CPU
		{91E314F1-D73E-452A-9573-45B26815E894}.Debug|Any CPU.Build.0 = Debug|Any CPU
		{91E314F1-D73E-452A-9573-45B26815E894}.Release|Any CPU.ActiveCfg = Release|Any CPU
		{91E314F1-D73E-452A-9573-45B26815E894}.Release|Any CPU.Build.0 = Release|Any CPU
	EndGlobalSection
	GlobalSection(NestedProjects) = preSolution
		{21EC4578-50C3-445B-A11E-35C783EDCA9D} = {8247E676-8E2C-475A-820B-278D85FBD121}
		{889ABDC9-4476-4A84-BF9E-4369D8C082C7} = {B12E0331-8576-4DE4-A9DA-956C71708098}
	EndGlobalSection
EndGlobal
