
Microsoft Visual Studio Solution File, Format Version 12.00
# Visual Studio Version 17
VisualStudioVersion = 17.0.31903.59
MinimumVisualStudioVersion = 10.0.40219.1
Project("{FAE04EC0-301F-11D3-BF4B-00C04F79EFBC}") = "WallyMapSpinzor2.Raylib", "WallyMapSpinzor2.Raylib\WallyMapSpinzor2.Raylib.csproj", "{E6FF9945-4A2B-4F94-A4F2-EA97C4BCA6E7}"
EndProject
Project("{FAE04EC0-301F-11D3-BF4B-00C04F79EFBC}") = "WallyMapSpinzor2", "WallyMapSpinzor2\WallyMapSpinzor2.csproj", "{21C9D4CA-4645-4A13-89ED-F21639129E68}"
EndProject
Project("{FAE04EC0-301F-11D3-BF4B-00C04F79EFBC}") = "SwiffCheese", "SwiffCheese\SwiffCheese.csproj", "{A377C32D-9AC1-43E7-AE59-DFF6D827342E}"
EndProject
Project("{2150E333-8FDC-42A3-9474-1A3956D46DE8}") = "BrawlhallaSwz", "BrawlhallaSwz", "{C0BF1495-F47B-47BC-8217-B5D953A840A2}"
EndProject
Project("{FAE04EC0-301F-11D3-BF4B-00C04F79EFBC}") = "BrawlhallaSwz", "BrawlhallaSwz\BrawlhallaSwz\BrawlhallaSwz.csproj", "{4241C888-CA35-481B-BC39-2653C28C74F5}"
EndProject
Project("{2150E333-8FDC-42A3-9474-1A3956D46DE8}") = "AbcDisassembler", "AbcDisassembler", "{FC1BF6D0-DF04-403D-8873-AD9EDA8F817F}"
EndProject
Project("{FAE04EC0-301F-11D3-BF4B-00C04F79EFBC}") = "AbcDisassembler", "AbcDisassembler\AbcDisassembler\AbcDisassembler.csproj", "{A327C656-460B-42CB-A790-6F306B61505E}"
EndProject
Global
	GlobalSection(SolutionConfigurationPlatforms) = preSolution
		Debug|Any CPU = Debug|Any CPU
		Release|Any CPU = Release|Any CPU
	EndGlobalSection
	GlobalSection(SolutionProperties) = preSolution
		HideSolutionNode = FALSE
	EndGlobalSection
	GlobalSection(ProjectConfigurationPlatforms) = postSolution
		{E6FF9945-4A2B-4F94-A4F2-EA97C4BCA6E7}.Debug|Any CPU.ActiveCfg = Debug|Any CPU
		{E6FF9945-4A2B-4F94-A4F2-EA97C4BCA6E7}.Debug|Any CPU.Build.0 = Debug|Any CPU
		{E6FF9945-4A2B-4F94-A4F2-EA97C4BCA6E7}.Release|Any CPU.ActiveCfg = Release|Any CPU
		{E6FF9945-4A2B-4F94-A4F2-EA97C4BCA6E7}.Release|Any CPU.Build.0 = Release|Any CPU
		{21C9D4CA-4645-4A13-89ED-F21639129E68}.Debug|Any CPU.ActiveCfg = Debug|Any CPU
		{21C9D4CA-4645-4A13-89ED-F21639129E68}.Debug|Any CPU.Build.0 = Debug|Any CPU
		{21C9D4CA-4645-4A13-89ED-F21639129E68}.Release|Any CPU.ActiveCfg = Release|Any CPU
		{21C9D4CA-4645-4A13-89ED-F21639129E68}.Release|Any CPU.Build.0 = Release|Any CPU
		{A377C32D-9AC1-43E7-AE59-DFF6D827342E}.Debug|Any CPU.ActiveCfg = Debug|Any CPU
		{A377C32D-9AC1-43E7-AE59-DFF6D827342E}.Debug|Any CPU.Build.0 = Debug|Any CPU
		{A377C32D-9AC1-43E7-AE59-DFF6D827342E}.Release|Any CPU.ActiveCfg = Release|Any CPU
		{A377C32D-9AC1-43E7-AE59-DFF6D827342E}.Release|Any CPU.Build.0 = Release|Any CPU
		{4241C888-CA35-481B-BC39-2653C28C74F5}.Debug|Any CPU.ActiveCfg = Debug|Any CPU
		{4241C888-CA35-481B-BC39-2653C28C74F5}.Debug|Any CPU.Build.0 = Debug|Any CPU
		{4241C888-CA35-481B-BC39-2653C28C74F5}.Release|Any CPU.ActiveCfg = Release|Any CPU
		{4241C888-CA35-481B-BC39-2653C28C74F5}.Release|Any CPU.Build.0 = Release|Any CPU
		{A327C656-460B-42CB-A790-6F306B61505E}.Debug|Any CPU.ActiveCfg = Debug|Any CPU
		{A327C656-460B-42CB-A790-6F306B61505E}.Debug|Any CPU.Build.0 = Debug|Any CPU
		{A327C656-460B-42CB-A790-6F306B61505E}.Release|Any CPU.ActiveCfg = Release|Any CPU
		{A327C656-460B-42CB-A790-6F306B61505E}.Release|Any CPU.Build.0 = Release|Any CPU
	EndGlobalSection
	GlobalSection(NestedProjects) = preSolution
		{4241C888-CA35-481B-BC39-2653C28C74F5} = {C0BF1495-F47B-47BC-8217-B5D953A840A2}
		{A327C656-460B-42CB-A790-6F306B61505E} = {FC1BF6D0-DF04-403D-8873-AD9EDA8F817F}
	EndGlobalSection
EndGlobal
